{
  "nodes": {
    "nixpkgs": {
      "locked": {
        "lastModified": 1781252685,
        "narHash": "sha256-c+oEu4gSlfDydev3UkcRDPzV+5lAWph6/w0VkxOUQPA=",
        "owner": "NixOS",
        "repo": "nixpkgs",
        "rev": "b6ed0c8648df7d7a69d9c1253850ef8a3a1d308f",
        "type": "github"
      },
      "original": {
        "owner": "NixOS",
        "repo": "nixpkgs",
        "rev": "b6ed0c8648df7d7a69d9c1253850ef8a3a1d308f",
        "type": "github"
      }
    },
    "root": {
      "inputs": {
        "nixpkgs": "nixpkgs"
      }
    }
  },
  "root": "root",
  "version": 7
}
